<Solution>
  <Project Path="Coffee.UIParticle.csproj" />
  <Project Path="Scripts.csproj" />
  <Project Path="Assembly-CSharp.csproj" />
  <Project Path="FMODUnityResonanceEditor.csproj" />
  <Project Path="FMODUnityEditor.csproj" />
  <Project Path="FMODUnity.csproj" />
  <Project Path="Coffee.UIParticle.Editor.csproj" />
  <Project Path="FMODUnityResonance.csproj" />
  <Project Path="PlayModeTests.csproj" />
</Solution>
